# THIS IS AN AUTOGENERATED FILE. DO NOT EDIT THIS FILE DIRECTLY.
# yarn lockfile v1


uikit@^3.2.1:
  version "3.2.1"
  resolved "https://registry.yarnpkg.com/uikit/-/uikit-3.2.1.tgz#859122a260cb1e482c85a63d564af55ba96b7891"
  integrity sha512-8mhv3n7m9/kGYv1+YPjTDGbI7HKK1o79wOyhpznoNYVTGhr1cwaTACITVVoUYONJxdqmIIGBA2OkKhMQ8zXwBg==
